{
  "name": "hpe-cd-writer",
  "version": "1.0.0",
  "lockfileVersion": 1,
  "requires": true,
  "dependencies": {
    "nan": {
      "version": "2.15.0",
      "resolved": "https://registry.npmjs.org/nan/-/nan-2.15.0.tgz",
      "integrity": "sha512-8ZtvEnA2c5aYCZYd1cvgdnU6cqwixRoYg70xPLWUws5ORTa/lnw+u4amixRS/Ac5U5mQVgp9pnlSUnbNWFaWZQ=="
    },
    "winapi": {
      "version": "2.8.0",
      "resolved": "https://registry.npmjs.org/winapi/-/winapi-2.8.0.tgz",
      "integrity": "sha512-r1Dtg5+djzdKNF1XwYrC6gP/knFLZBJbFQZkx88pPbMT8UFsAk1iMvkayPAVrunhSJGnmSFXtFHkscIJhQZwDA==",
      "requires": {
        "nan": "^2.2.0"
      }
    }
  }
}
